
Microsoft Visual Studio Solution File, Format Version 12.00
# Visual Studio Version 17
VisualStudioVersion = 17.10.35027.167
MinimumVisualStudioVersion = 10.0.40219.1
Project("{9A19103F-16F7-4668-BE54-9A1E7A4F7556}") = "ChallengeLocaweb", "ChallengeLocaweb.csproj", "{FC4E1D13-380B-460C-8232-3CAA566E1135}"
EndProject
Project("{FAE04EC0-301F-11D3-BF4B-00C04F79EFBC}") = "Challenge.Test", "..\Challenge.Test\Challenge.Test.csproj", "{2D6327E1-3D67-400B-B36C-D357D896BF2D}"
EndProject
Global
	GlobalSection(SolutionConfigurationPlatforms) = preSolution
		Debug|Any CPU = Debug|Any CPU
		Release|Any CPU = Release|Any CPU
	EndGlobalSection
	GlobalSection(ProjectConfigurationPlatforms) = postSolution
		{FC4E1D13-380B-460C-8232-3CAA566E1135}.Debug|Any CPU.ActiveCfg = Debug|Any CPU
		{FC4E1D13-380B-460C-8232-3CAA566E1135}.Debug|Any CPU.Build.0 = Debug|Any CPU
		{FC4E1D13-380B-460C-8232-3CAA566E1135}.Release|Any CPU.ActiveCfg = Release|Any CPU
		{FC4E1D13-380B-460C-8232-3CAA566E1135}.Release|Any CPU.Build.0 = Release|Any CPU
		{2D6327E1-3D67-400B-B36C-D357D896BF2D}.Debug|Any CPU.ActiveCfg = Debug|Any CPU
		{2D6327E1-3D67-400B-B36C-D357D896BF2D}.Debug|Any CPU.Build.0 = Debug|Any CPU
		{2D6327E1-3D67-400B-B36C-D357D896BF2D}.Release|Any CPU.ActiveCfg = Release|Any CPU
		{2D6327E1-3D67-400B-B36C-D357D896BF2D}.Release|Any CPU.Build.0 = Release|Any CPU
	EndGlobalSection
	GlobalSection(SolutionProperties) = preSolution
		HideSolutionNode = FALSE
	EndGlobalSection
	GlobalSection(ExtensibilityGlobals) = postSolution
		SolutionGuid = {897B2399-F893-4971-A5EE-47FBA56863A4}
	EndGlobalSection
EndGlobal
